
Microsoft Visual Studio Solution File, Format Version 12.00
# Visual Studio Version 16
VisualStudioVersion = 16.0.33529.622
MinimumVisualStudioVersion = 10.0.40219.1
Project("{FAE04EC0-301F-11D3-BF4B-00C04F79EFBC}") = "SEE_TURTLES_WEB_APP_FINAL", "SEE_TURTLES_WEB_APP_FINAL.csproj", "{70B06265-96CE-41FD-A692-AF2C15223094}"
EndProject
Global
	GlobalSection(SolutionConfigurationPlatforms) = preSolution
		Debug|Any CPU = Debug|Any CPU
		Release|Any CPU = Release|Any CPU
	EndGlobalSection
	GlobalSection(ProjectConfigurationPlatforms) = postSolution
		{70B06265-96CE-41FD-A692-AF2C15223094}.Debug|Any CPU.ActiveCfg = Debug|Any CPU
		{70B06265-96CE-41FD-A692-AF2C15223094}.Debug|Any CPU.Build.0 = Debug|Any CPU
		{70B06265-96CE-41FD-A692-AF2C15223094}.Release|Any CPU.ActiveCfg = Release|Any CPU
		{70B06265-96CE-41FD-A692-AF2C15223094}.Release|Any CPU.Build.0 = Release|Any CPU
	EndGlobalSection
	GlobalSection(SolutionProperties) = preSolution
		HideSolutionNode = FALSE
	EndGlobalSection
	GlobalSection(ExtensibilityGlobals) = postSolution
		SolutionGuid = {F5A214B6-49A3-41DA-AD2C-496AAE0BF4FA}
	EndGlobalSection
EndGlobal
